
Microsoft Visual Studio Solution File, Format Version 12.00
# Visual Studio Version 17
VisualStudioVersion = 17.14.36202.13 d17.14
MinimumVisualStudioVersion = 10.0.40219.1
Project("{FAE04EC0-301F-11D3-BF4B-00C04F79EFBC}") = "NodeStackssForms", "NodeStackssForms\NodeStackssForms.csproj", "{559AF35C-6244-430F-AB4B-C9D2B8C8CFA3}"
EndProject
Global
	GlobalSection(SolutionConfigurationPlatforms) = preSolution
		Debug|Any CPU = Debug|Any CPU
		Release|Any CPU = Release|Any CPU
	EndGlobalSection
	GlobalSection(ProjectConfigurationPlatforms) = postSolution
		{559AF35C-6244-430F-AB4B-C9D2B8C8CFA3}.Debug|Any CPU.ActiveCfg = Debug|Any CPU
		{559AF35C-6244-430F-AB4B-C9D2B8C8CFA3}.Debug|Any CPU.Build.0 = Debug|Any CPU
		{559AF35C-6244-430F-AB4B-C9D2B8C8CFA3}.Release|Any CPU.ActiveCfg = Release|Any CPU
		{559AF35C-6244-430F-AB4B-C9D2B8C8CFA3}.Release|Any CPU.Build.0 = Release|Any CPU
	EndGlobalSection
	GlobalSection(SolutionProperties) = preSolution
		HideSolutionNode = FALSE
	EndGlobalSection
	GlobalSection(ExtensibilityGlobals) = postSolution
		SolutionGuid = {DAD03B1E-5691-46EF-A97D-635C10E72E58}
	EndGlobalSection
EndGlobal
